
Microsoft Visual Studio Solution File, Format Version 12.00
# Visual Studio Version 17
VisualStudioVersion = 17.5.33530.505
MinimumVisualStudioVersion = 10.0.40219.1
Project("{FAE04EC0-301F-11D3-BF4B-00C04F79EFBC}") = "D18", "D18\D18.csproj", "{22C0BD90-1AC7-4E9A-A8BC-415F9A038FE7}"
EndProject
Global
	GlobalSection(SolutionConfigurationPlatforms) = preSolution
		Debug|Any CPU = Debug|Any CPU
		Release|Any CPU = Release|Any CPU
	EndGlobalSection
	GlobalSection(ProjectConfigurationPlatforms) = postSolution
		{22C0BD90-1AC7-4E9A-A8BC-415F9A038FE7}.Debug|Any CPU.ActiveCfg = Debug|Any CPU
		{22C0BD90-1AC7-4E9A-A8BC-415F9A038FE7}.Debug|Any CPU.Build.0 = Debug|Any CPU
		{22C0BD90-1AC7-4E9A-A8BC-415F9A038FE7}.Release|Any CPU.ActiveCfg = Release|Any CPU
		{22C0BD90-1AC7-4E9A-A8BC-415F9A038FE7}.Release|Any CPU.Build.0 = Release|Any CPU
	EndGlobalSection
	GlobalSection(SolutionProperties) = preSolution
		HideSolutionNode = FALSE
	EndGlobalSection
	GlobalSection(ExtensibilityGlobals) = postSolution
		SolutionGuid = {79D576F6-45E1-4CB2-89CB-19CF0CD7AFA4}
	EndGlobalSection
EndGlobal
