
Microsoft Visual Studio Solution File, Format Version 12.00
# Visual Studio Version 17
VisualStudioVersion = 17.5.33530.505
MinimumVisualStudioVersion = 10.0.40219.1
Project("{FAE04EC0-301F-11D3-BF4B-00C04F79EFBC}") = "D08", "D08\D08.csproj", "{FEA059BF-CA7F-49FB-BA98-3BC0EB1E8B9C}"
EndProject
Global
	GlobalSection(SolutionConfigurationPlatforms) = preSolution
		Debug|Any CPU = Debug|Any CPU
		Release|Any CPU = Release|Any CPU
	EndGlobalSection
	GlobalSection(ProjectConfigurationPlatforms) = postSolution
		{FEA059BF-CA7F-49FB-BA98-3BC0EB1E8B9C}.Debug|Any CPU.ActiveCfg = Debug|Any CPU
		{FEA059BF-CA7F-49FB-BA98-3BC0EB1E8B9C}.Debug|Any CPU.Build.0 = Debug|Any CPU
		{FEA059BF-CA7F-49FB-BA98-3BC0EB1E8B9C}.Release|Any CPU.ActiveCfg = Release|Any CPU
		{FEA059BF-CA7F-49FB-BA98-3BC0EB1E8B9C}.Release|Any CPU.Build.0 = Release|Any CPU
	EndGlobalSection
	GlobalSection(SolutionProperties) = preSolution
		HideSolutionNode = FALSE
	EndGlobalSection
	GlobalSection(ExtensibilityGlobals) = postSolution
		SolutionGuid = {8CA08432-95DD-4EE4-A240-E0776076ECD6}
	EndGlobalSection
EndGlobal
