
Microsoft Visual Studio Solution File, Format Version 12.00
# Visual Studio Version 17
VisualStudioVersion = 17.5.33530.505
MinimumVisualStudioVersion = 10.0.40219.1
Project("{FAE04EC0-301F-11D3-BF4B-00C04F79EFBC}") = "D07", "D07\D07.csproj", "{D1183087-835F-4107-921A-0A1FED0B864D}"
EndProject
Global
	GlobalSection(SolutionConfigurationPlatforms) = preSolution
		Debug|Any CPU = Debug|Any CPU
		Release|Any CPU = Release|Any CPU
	EndGlobalSection
	GlobalSection(ProjectConfigurationPlatforms) = postSolution
		{D1183087-835F-4107-921A-0A1FED0B864D}.Debug|Any CPU.ActiveCfg = Debug|Any CPU
		{D1183087-835F-4107-921A-0A1FED0B864D}.Debug|Any CPU.Build.0 = Debug|Any CPU
		{D1183087-835F-4107-921A-0A1FED0B864D}.Release|Any CPU.ActiveCfg = Release|Any CPU
		{D1183087-835F-4107-921A-0A1FED0B864D}.Release|Any CPU.Build.0 = Release|Any CPU
	EndGlobalSection
	GlobalSection(SolutionProperties) = preSolution
		HideSolutionNode = FALSE
	EndGlobalSection
	GlobalSection(ExtensibilityGlobals) = postSolution
		SolutionGuid = {237F9BA9-67FF-430E-BEEB-9EC27CC936BA}
	EndGlobalSection
EndGlobal
