
Microsoft Visual Studio Solution File, Format Version 12.00
# Visual Studio Version 17
VisualStudioVersion = 17.5.33530.505
MinimumVisualStudioVersion = 10.0.40219.1
Project("{FAE04EC0-301F-11D3-BF4B-00C04F79EFBC}") = "D19", "D19\D19.csproj", "{6EB220AF-8654-4100-8EAB-D986175EEFAC}"
EndProject
Global
	GlobalSection(SolutionConfigurationPlatforms) = preSolution
		Debug|Any CPU = Debug|Any CPU
		Release|Any CPU = Release|Any CPU
	EndGlobalSection
	GlobalSection(ProjectConfigurationPlatforms) = postSolution
		{6EB220AF-8654-4100-8EAB-D986175EEFAC}.Debug|Any CPU.ActiveCfg = Debug|Any CPU
		{6EB220AF-8654-4100-8EAB-D986175EEFAC}.Debug|Any CPU.Build.0 = Debug|Any CPU
		{6EB220AF-8654-4100-8EAB-D986175EEFAC}.Release|Any CPU.ActiveCfg = Release|Any CPU
		{6EB220AF-8654-4100-8EAB-D986175EEFAC}.Release|Any CPU.Build.0 = Release|Any CPU
	EndGlobalSection
	GlobalSection(SolutionProperties) = preSolution
		HideSolutionNode = FALSE
	EndGlobalSection
	GlobalSection(ExtensibilityGlobals) = postSolution
		SolutionGuid = {CCF66D21-DD1F-4A0E-9730-37D25C9CC6CD}
	EndGlobalSection
EndGlobal
